// !$*UTF8*$!
{
	archiveVersion = 1;
	classes = {
	};
	objectVersion = 51;
	objects = {

/* Begin PBXBuildFile section */
		21E4175C516C367E6EFED32F /* Pods_oonishiReonKadai12.framework in Frameworks */ = {isa = PBXBuildFile; fileRef = F2766D0D624399B3AB2401E8 /* Pods_oonishiReonKadai12.framework */; };
		AB1CB8E226A68C7500995AC8 /* AppDelegate.swift in Sources */ = {isa = PBXBuildFile; fileRef = AB1CB8E126A68C7500995AC8 /* AppDelegate.swift */; };
		AB1CB8E426A68C7500995AC8 /* SceneDelegate.swift in Sources */ = {isa = PBXBuildFile; fileRef = AB1CB8E326A68C7500995AC8 /* SceneDelegate.swift */; };
		AB1CB8E626A68C7500995AC8 /* ViewController.swift in Sources */ = {isa = PBXBuildFile; fileRef = AB1CB8E526A68C7500995AC8 /* ViewController.swift */; };
		AB1CB8E926A68C7500995AC8 /* Main.storyboard in Resources */ = {isa = PBXBuildFile; fileRef = AB1CB8E726A68C7500995AC8 /* Main.storyboard */; };
		AB1CB8EB26A68C7600995AC8 /* Assets.xcassets in Resources */ = {isa = PBXBuildFile; fileRef = AB1CB8EA26A68C7600995AC8 /* Assets.xcassets */; };
		AB1CB8EE26A68C7600995AC8 /* LaunchScreen.storyboard in Resources */ = {isa = PBXBuildFile; fileRef = AB1CB8EC26A68C7600995AC8 /* LaunchScreen.storyboard */; };
/* End PBXBuildFile section */

/* Begin PBXFileReference section */
		449EDE712B9870765333B4CA /* Pods-oonishiReonKadai12.release.xcconfig */ = {isa = PBXFileReference; includeInIndex = 1; lastKnownFileType = text.xcconfig; name = "Pods-oonishiReonKadai12.release.xcconfig"; path = "Target Support Files/Pods-oonishiReonKadai12/Pods-oonishiReonKadai12.release.xcconfig"; sourceTree = "<group>"; };
		AB1CB8DE26A68C7500995AC8 /* oonishiReonKadai12.app */ = {isa = PBXFileReference; explicitFileType = wrapper.application; includeInIndex = 0; path = oonishiReonKadai12.app; sourceTree = BUILT_PRODUCTS_DIR; };
		AB1CB8E126A68C7500995AC8 /* AppDelegate.swift */ = {isa = PBXFileReference; lastKnownFileType = sourcecode.swift; path = AppDelegate.swift; sourceTree = "<group>"; };
		AB1CB8E326A68C7500995AC8 /* SceneDelegate.swift */ = {isa = PBXFileReference; lastKnownFileType = sourcecode.swift; path = SceneDelegate.swift; sourceTree = "<group>"; };
		AB1CB8E526A68C7500995AC8 /* ViewController.swift */ = {isa = PBXFileReference; lastKnownFileType = sourcecode.swift; path = ViewController.swift; sourceTree = "<group>"; };
		AB1CB8E826A68C7500995AC8 /* Base */ = {isa = PBXFileReference; lastKnownFileType = file.storyboard; name = Base; path = Base.lproj/Main.storyboard; sourceTree = "<group>"; };
		AB1CB8EA26A68C7600995AC8 /* Assets.xcassets */ = {isa = PBXFileReference; lastKnownFileType = folder.assetcatalog; path = Assets.xcassets; sourceTree = "<group>"; };
		AB1CB8ED26A68C7600995AC8 /* Base */ = {isa = PBXFileReference; lastKnownFileType = file.storyboard; name = Base; path = Base.lproj/LaunchScreen.storyboard; sourceTree = "<group>"; };
		AB1CB8EF26A68C7600995AC8 /* Info.plist */ = {isa = PBXFileReference; lastKnownFileType = text.plist.xml; path = Info.plist; sourceTree = "<group>"; };
		E59394EAAA318580FAED5CE2 /* Pods-oonishiReonKadai12.debug.xcconfig */ = {isa = PBXFileReference; includeInIndex = 1; lastKnownFileType = text.xcconfig; name = "Pods-oonishiReonKadai12.debug.xcconfig"; path = "Target Support Files/Pods-oonishiReonKadai12/Pods-oonishiReonKadai12.debug.xcconfig"; sourceTree = "<group>"; };
		F2766D0D624399B3AB2401E8 /* Pods_oonishiReonKadai12.framework */ = {isa = PBXFileReference; explicitFileType = wrapper.framework; includeInIndex = 0; path = Pods_oonishiReonKadai12.framework; sourceTree = BUILT_PRODUCTS_DIR; };
/* End PBXFileReference section */

/* Begin PBXFrameworksBuildPhase section */
		AB1CB8DB26A68C7500995AC8 /* Frameworks */ = {
			isa = PBXFrameworksBuildPhase;
			buildActionMask = 2147483647;
			files = (
				21E4175C516C367E6EFED32F /* Pods_oonishiReonKadai12.framework in Frameworks */,
			);
			runOnlyForDeploymentPostprocessing = 0;
		};
/* End PBXFrameworksBuildPhase section */

/* Begin PBXGroup section */
		5E6A9C5224BD3EC1498D4DEE /* Frameworks */ = {
			isa = PBXGroup;
			children = (
				F2766D0D624399B3AB2401E8 /* Pods_oonishiReonKadai12.framework */,
			);
			name = Frameworks;
			sourceTree = "<group>";
		};
		8FF5F33E4BC4885BB323FC5E /* Pods */ = {
			isa = PBXGroup;
			children = (
				E59394EAAA318580FAED5CE2 /* Pods-oonishiReonKadai12.debug.xcconfig */,
				449EDE712B9870765333B4CA /* Pods-oonishiReonKadai12.release.xcconfig */,
			);
			path = Pods;
			sourceTree = "<group>";
		};
		AB1242AA26AC59010082F1FD /* Views */ = {
			isa = PBXGroup;
			children = (
				AB1CB8E726A68C7500995AC8 /* Main.storyboard */,
				AB1CB8E526A68C7500995AC8 /* ViewController.swift */,
			);
			path = Views;
			sourceTree = "<group>";
		};
		AB1242AB26AC59070082F1FD /* Models */ = {
			isa = PBXGroup;
			children = (
			);
			path = Models;
			sourceTree = "<group>";
		};
		AB1242AC26AC590A0082F1FD /* ViewModels */ = {
			isa = PBXGroup;
			children = (
			);
			path = ViewModels;
			sourceTree = "<group>";
		};
		AB1CB8D526A68C7500995AC8 = {
			isa = PBXGroup;
			children = (
				AB1CB8E026A68C7500995AC8 /* oonishiReonKadai12 */,
				AB1CB8DF26A68C7500995AC8 /* Products */,
				8FF5F33E4BC4885BB323FC5E /* Pods */,
				5E6A9C5224BD3EC1498D4DEE /* Frameworks */,
			);
			sourceTree = "<group>";
		};
		AB1CB8DF26A68C7500995AC8 /* Products */ = {
			isa = PBXGroup;
			children = (
				AB1CB8DE26A68C7500995AC8 /* oonishiReonKadai12.app */,
			);
			name = Products;
			sourceTree = "<group>";
		};
		AB1CB8E026A68C7500995AC8 /* oonishiReonKadai12 */ = {
			isa = PBXGroup;
			children = (
				AB1242AC26AC590A0082F1FD /* ViewModels */,
				AB1242AB26AC59070082F1FD /* Models */,
				AB1242AA26AC59010082F1FD /* Views */,
				AB1CB8E126A68C7500995AC8 /* AppDelegate.swift */,
				AB1CB8E326A68C7500995AC8 /* SceneDelegate.swift */,
				AB1CB8EA26A68C7600995AC8 /* Assets.xcassets */,
				AB1CB8EC26A68C7600995AC8 /* LaunchScreen.storyboard */,
				AB1CB8EF26A68C7600995AC8 /* Info.plist */,
			);
			path = oonishiReonKadai12;
			sourceTree = "<group>";
		};
/* End PBXGroup section */

/* Begin PBXNativeTarget section */
		AB1CB8DD26A68C7500995AC8 /* oonishiReonKadai12 */ = {
			isa = PBXNativeTarget;
			buildConfigurationList = AB1CB8F226A68C7600995AC8 /* Build configuration list for PBXNativeTarget "oonishiReonKadai12" */;
			buildPhases = (
				CE19FF829EC0C7962F02AC87 /* [CP] Check Pods Manifest.lock */,
				AB1CB8DA26A68C7500995AC8 /* Sources */,
				AB1CB8DB26A68C7500995AC8 /* Frameworks */,
				AB1CB8DC26A68C7500995AC8 /* Resources */,
				2C4A9457206B3D9F1A7BCAB5 /* [CP] Embed Pods Frameworks */,
			);
			buildRules = (
			);
			dependencies = (
			);
			name = oonishiReonKadai12;
			productName = oonishiReonKadai12;
			productReference = AB1CB8DE26A68C7500995AC8 /* oonishiReonKadai12.app */;
			productType = "com.apple.product-type.application";
		};
/* End PBXNativeTarget section */

/* Begin PBXProject section */
		AB1CB8D626A68C7500995AC8 /* Project object */ = {
			isa = PBXProject;
			attributes = {
				LastSwiftUpdateCheck = 1250;
				LastUpgradeCheck = 1250;
				TargetAttributes = {
					AB1CB8DD26A68C7500995AC8 = {
						CreatedOnToolsVersion = 12.5.1;
					};
				};
			};
			buildConfigurationList = AB1CB8D926A68C7500995AC8 /* Build configuration list for PBXProject "oonishiReonKadai12" */;
			compatibilityVersion = "Xcode 9.3";
			developmentRegion = en;
			hasScannedForEncodings = 0;
			knownRegions = (
				en,
				Base,
			);
			mainGroup = AB1CB8D526A68C7500995AC8;
			productRefGroup = AB1CB8DF26A68C7500995AC8 /* Products */;
			projectDirPath = "";
			projectRoot = "";
			targets = (
				AB1CB8DD26A68C7500995AC8 /* oonishiReonKadai12 */,
			);
		};
/* End PBXProject section */

/* Begin PBXResourcesBuildPhase section */
		AB1CB8DC26A68C7500995AC8 /* Resources */ = {
			isa = PBXResourcesBuildPhase;
			buildActionMask = 2147483647;
			files = (
				AB1CB8EE26A68C7600995AC8 /* LaunchScreen.storyboard in Resources */,
				AB1CB8EB26A68C7600995AC8 /* Assets.xcassets in Resources */,
				AB1CB8E926A68C7500995AC8 /* Main.storyboard in Resources */,
			);
			runOnlyForDeploymentPostprocessing = 0;
		};
/* End PBXResourcesBuildPhase section */

/* Begin PBXShellScriptBuildPhase section */
		2C4A9457206B3D9F1A7BCAB5 /* [CP] Embed Pods Frameworks */ = {
			isa = PBXShellScriptBuildPhase;
			buildActionMask = 2147483647;
			files = (
			);
			inputFileListPaths = (
				"${PODS_ROOT}/Target Support Files/Pods-oonishiReonKadai12/Pods-oonishiReonKadai12-frameworks-${CONFIGURATION}-input-files.xcfilelist",
			);
			name = "[CP] Embed Pods Frameworks";
			outputFileListPaths = (
				"${PODS_ROOT}/Target Support Files/Pods-oonishiReonKadai12/Pods-oonishiReonKadai12-frameworks-${CONFIGURATION}-output-files.xcfilelist",
			);
			runOnlyForDeploymentPostprocessing = 0;
			shellPath = /bin/sh;
			shellScript = "\"${PODS_ROOT}/Target Support Files/Pods-oonishiReonKadai12/Pods-oonishiReonKadai12-frameworks.sh\"\n";
			showEnvVarsInLog = 0;
		};
		CE19FF829EC0C7962F02AC87 /* [CP] Check Pods Manifest.lock */ = {
			isa = PBXShellScriptBuildPhase;
			buildActionMask = 2147483647;
			files = (
			);
			inputFileListPaths = (
			);
			inputPaths = (
				"${PODS_PODFILE_DIR_PATH}/Podfile.lock",
				"${PODS_ROOT}/Manifest.lock",
			);
			name = "[CP] Check Pods Manifest.lock";
			outputFileListPaths = (
			);
			outputPaths = (
				"$(DERIVED_FILE_DIR)/Pods-oonishiReonKadai12-checkManifestLockResult.txt",
			);
			runOnlyForDeploymentPostprocessing = 0;
			shellPath = /bin/sh;
			shellScript = "diff \"${PODS_PODFILE_DIR_PATH}/Podfile.lock\" \"${PODS_ROOT}/Manifest.lock\" > /dev/null\nif [ $? != 0 ] ; then\n    # print error to STDERR\n    echo \"error: The sandbox is not in sync with the Podfile.lock. Run 'pod install' or update your CocoaPods installation.\" >&2\n    exit 1\nfi\n# This output is used by Xcode 'outputs' to avoid re-running this script phase.\necho \"SUCCESS\" > \"${SCRIPT_OUTPUT_FILE_0}\"\n";
			showEnvVarsInLog = 0;
		};
/* End PBXShellScriptBuildPhase section */

/* Begin PBXSourcesBuildPhase section */
		AB1CB8DA26A68C7500995AC8 /* Sources */ = {
			isa = PBXSourcesBuildPhase;
			buildActionMask = 2147483647;
			files = (
				AB1CB8E626A68C7500995AC8 /* ViewController.swift in Sources */,
				AB1CB8E226A68C7500995AC8 /* AppDelegate.swift in Sources */,
				AB1CB8E426A68C7500995AC8 /* SceneDelegate.swift in Sources */,
			);
			runOnlyForDeploymentPostprocessing = 0;
		};
/* End PBXSourcesBuildPhase section */

/* Begin PBXVariantGroup section */
		AB1CB8E726A68C7500995AC8 /* Main.storyboard */ = {
			isa = PBXVariantGroup;
			children = (
				AB1CB8E826A68C7500995AC8 /* Base */,
			);
			name = Main.storyboard;
			sourceTree = "<group>";
		};
		AB1CB8EC26A68C7600995AC8 /* LaunchScreen.storyboard */ = {
			isa = PBXVariantGroup;
			children = (
				AB1CB8ED26A68C7600995AC8 /* Base */,
			);
			name = LaunchScreen.storyboard;
			sourceTree = "<group>";
		};
/* End PBXVariantGroup section */

/* Begin XCBuildConfiguration section */
		AB1CB8F026A68C7600995AC8 /* Debug */ = {
			isa = XCBuildConfiguration;
			buildSettings = {
				ALWAYS_SEARCH_USER_PATHS = NO;
				CLANG_ANALYZER_NONNULL = YES;
				CLANG_ANALYZER_NUMBER_OBJECT_CONVERSION = YES_AGGRESSIVE;
				CLANG_CXX_LANGUAGE_STANDARD = "gnu++14";
				CLANG_CXX_LIBRARY = "libc++";
				CLANG_ENABLE_MODULES = YES;
				CLANG_ENABLE_OBJC_ARC = YES;
				CLANG_ENABLE_OBJC_WEAK = YES;
				CLANG_WARN_BLOCK_CAPTURE_AUTORELEASING = YES;
				CLANG_WARN_BOOL_CONVERSION = YES;
				CLANG_WARN_COMMA = YES;
				CLANG_WARN_CONSTANT_CONVERSION = YES;
				CLANG_WARN_DEPRECATED_OBJC_IMPLEMENTATIONS = YES;
				CLANG_WARN_DIRECT_OBJC_ISA_USAGE = YES_ERROR;
				CLANG_WARN_DOCUMENTATION_COMMENTS = YES;
				CLANG_WARN_EMPTY_BODY = YES;
				CLANG_WARN_ENUM_CONVERSION = YES;
				CLANG_WARN_INFINITE_RECURSION = YES;
				CLANG_WARN_INT_CONVERSION = YES;
				CLANG_WARN_NON_LITERAL_NULL_CONVERSION = YES;
				CLANG_WARN_OBJC_IMPLICIT_RETAIN_SELF = YES;
				CLANG_WARN_OBJC_LITERAL_CONVERSION = YES;
				CLANG_WARN_OBJC_ROOT_CLASS = YES_ERROR;
				CLANG_WARN_QUOTED_INCLUDE_IN_FRAMEWORK_HEADER = YES;
				CLANG_WARN_RANGE_LOOP_ANALYSIS = YES;
				CLANG_WARN_STRICT_PROTOTYPES = YES;
				CLANG_WARN_SUSPICIOUS_MOVE = YES;
				CLANG_WARN_UNGUARDED_AVAILABILITY = YES_AGGRESSIVE;
				CLANG_WARN_UNREACHABLE_CODE = YES;
				CLANG_WARN__DUPLICATE_METHOD_MATCH = YES;
				COPY_PHASE_STRIP = NO;
				DEBUG_INFORMATION_FORMAT = dwarf;
				ENABLE_STRICT_OBJC_MSGSEND = YES;
				ENABLE_TESTABILITY = YES;
				GCC_C_LANGUAGE_STANDARD = gnu11;
				GCC_DYNAMIC_NO_PIC = NO;
				GCC_NO_COMMON_BLOCKS = YES;
				GCC_OPTIMIZATION_LEVEL = 0;
				GCC_PREPROCESSOR_DEFINITIONS = (
					"DEBUG=1",
					"$(inherited)",
				);
				GCC_WARN_64_TO_32_BIT_CONVERSION = YES;
				GCC_WARN_ABOUT_RETURN_TYPE = YES_ERROR;
				GCC_WARN_UNDECLARED_SELECTOR = YES;
				GCC_WARN_UNINITIALIZED_AUTOS = YES_AGGRESSIVE;
				GCC_WARN_UNUSED_FUNCTION = YES;
				GCC_WARN_UNUSED_VARIABLE = YES;
				IPHONEOS_DEPLOYMENT_TARGET = 14.5;
				MTL_ENABLE_DEBUG_INFO = INCLUDE_SOURCE;
				MTL_FAST_MATH = YES;
				ONLY_ACTIVE_ARCH = YES;
				SDKROOT = iphoneos;
				SWIFT_ACTIVE_COMPILATION_CONDITIONS = DEBUG;
				SWIFT_OPTIMIZATION_LEVEL = "-Onone";
			};
			name = Debug;
		};
		AB1CB8F126A68C7600995AC8 /* Release */ = {
			isa = XCBuildConfiguration;
			buildSettings = {
				ALWAYS_SEARCH_USER_PATHS = NO;
				CLANG_ANALYZER_NONNULL = YES;
				CLANG_ANALYZER_NUMBER_OBJECT_CONVERSION = YES_AGGRESSIVE;
				CLANG_CXX_LANGUAGE_STANDARD = "gnu++14";
				CLANG_CXX_LIBRARY = "libc++";
				CLANG_ENABLE_MODULES = YES;
				CLANG_ENABLE_OBJC_ARC = YES;
				CLANG_ENABLE_OBJC_WEAK = YES;
				CLANG_WARN_BLOCK_CAPTURE_AUTORELEASING = YES;
				CLANG_WARN_BOOL_CONVERSION = YES;
				CLANG_WARN_COMMA = YES;
				CLANG_WARN_CONSTANT_CONVERSION = YES;
				CLANG_WARN_DEPRECATED_OBJC_IMPLEMENTATIONS = YES;
				CLANG_WARN_DIRECT_OBJC_ISA_USAGE = YES_ERROR;
				CLANG_WARN_DOCUMENTATION_COMMENTS = YES;
				CLANG_WARN_EMPTY_BODY = YES;
				CLANG_WARN_ENUM_CONVERSION = YES;
				CLANG_WARN_INFINITE_RECURSION = YES;
				CLANG_WARN_INT_CONVERSION = YES;
				CLANG_WARN_NON_LITERAL_NULL_CONVERSION = YES;
				CLANG_WARN_OBJC_IMPLICIT_RETAIN_SELF = YES;
				CLANG_WARN_OBJC_LITERAL_CONVERSION = YES;
				CLANG_WARN_OBJC_ROOT_CLASS = YES_ERROR;
				CLANG_WARN_QUOTED_INCLUDE_IN_FRAMEWORK_HEADER = YES;
				CLANG_WARN_RANGE_LOOP_ANALYSIS = YES;
				CLANG_WARN_STRICT_PROTOTYPES = YES;
				CLANG_WARN_SUSPICIOUS_MOVE = YES;
				CLANG_WARN_UNGUARDED_AVAILABILITY = YES_AGGRESSIVE;
				CLANG_WARN_UNREACHABLE_CODE = YES;
				CLANG_WARN__DUPLICATE_METHOD_MATCH = YES;
				COPY_PHASE_STRIP = NO;
				DEBUG_INFORMATION_FORMAT = "dwarf-with-dsym";
				ENABLE_NS_ASSERTIONS = NO;
				ENABLE_STRICT_OBJC_MSGSEND = YES;
				GCC_C_LANGUAGE_STANDARD = gnu11;
				GCC_NO_COMMON_BLOCKS = YES;
				GCC_WARN_64_TO_32_BIT_CONVERSION = YES;
				GCC_WARN_ABOUT_RETURN_TYPE = YES_ERROR;
				GCC_WARN_UNDECLARED_SELECTOR = YES;
				GCC_WARN_UNINITIALIZED_AUTOS = YES_AGGRESSIVE;
				GCC_WARN_UNUSED_FUNCTION = YES;
				GCC_WARN_UNUSED_VARIABLE = YES;
				IPHONEOS_DEPLOYMENT_TARGET = 14.5;
				MTL_ENABLE_DEBUG_INFO = NO;
				MTL_FAST_MATH = YES;
				SDKROOT = iphoneos;
				SWIFT_COMPILATION_MODE = wholemodule;
				SWIFT_OPTIMIZATION_LEVEL = "-O";
				VALIDATE_PRODUCT = YES;
			};
			name = Release;
		};
		AB1CB8F326A68C7600995AC8 /* Debug */ = {
			isa = XCBuildConfiguration;
			baseConfigurationReference = E59394EAAA318580FAED5CE2 /* Pods-oonishiReonKadai12.debug.xcconfig */;
			buildSettings = {
				ASSETCATALOG_COMPILER_APPICON_NAME = AppIcon;
				ASSETCATALOG_COMPILER_GLOBAL_ACCENT_COLOR_NAME = AccentColor;
				CODE_SIGN_STYLE = Automatic;
				DEVELOPMENT_TEAM = 242KS3V77L;
				INFOPLIST_FILE = oonishiReonKadai12/Info.plist;
				LD_RUNPATH_SEARCH_PATHS = (
					"$(inherited)",
					"@executable_path/Frameworks",
				);
				PRODUCT_BUNDLE_IDENTIFIER = oonishireon.oonishiReonKadai12;
				PRODUCT_NAME = "$(TARGET_NAME)";
				SWIFT_VERSION = 5.0;
				TARGETED_DEVICE_FAMILY = "1,2";
			};
			name = Debug;
		};
		AB1CB8F426A68C7600995AC8 /* Release */ = {
			isa = XCBuildConfiguration;
			baseConfigurationReference = 449EDE712B9870765333B4CA /* Pods-oonishiReonKadai12.release.xcconfig */;
			buildSettings = {
				ASSETCATALOG_COMPILER_APPICON_NAME = AppIcon;
				ASSETCATALOG_COMPILER_GLOBAL_ACCENT_COLOR_NAME = AccentColor;
				CODE_SIGN_STYLE = Automatic;
				DEVELOPMENT_TEAM = 242KS3V77L;
				INFOPLIST_FILE = oonishiReonKadai12/Info.plist;
				LD_RUNPATH_SEARCH_PATHS = (
					"$(inherited)",
					"@executable_path/Frameworks",
				);
				PRODUCT_BUNDLE_IDENTIFIER = oonishireon.oonishiReonKadai12;
				PRODUCT_NAME = "$(TARGET_NAME)";
				SWIFT_VERSION = 5.0;
				TARGETED_DEVICE_FAMILY = "1,2";
			};
			name = Release;
		};
/* End XCBuildConfiguration section */

/* Begin XCConfigurationList section */
		AB1CB8D926A68C7500995AC8 /* Build configuration list for PBXProject "oonishiReonKadai12" */ = {
			isa = XCConfigurationList;
			buildConfigurations = (
				AB1CB8F026A68C7600995AC8 /* Debug */,
				AB1CB8F126A68C7600995AC8 /* Release */,
			);
			defaultConfigurationIsVisible = 0;
			defaultConfigurationName = Release;
		};
		AB1CB8F226A68C7600995AC8 /* Build configuration list for PBXNativeTarget "oonishiReonKadai12" */ = {
			isa = XCConfigurationList;
			buildConfigurations = (
				AB1CB8F326A68C7600995AC8 /* Debug */,
				AB1CB8F426A68C7600995AC8 /* Release */,
			);
			defaultConfigurationIsVisible = 0;
			defaultConfigurationName = Release;
		};
/* End XCConfigurationList section */
	};
	rootObject = AB1CB8D626A68C7500995AC8 /* Project object */;
}
